PODS:
  - Alamofire (5.0.5)
  - Kingfisher (5.14.0):
    - Kingfisher/Core (= 5.14.0)
  - Kingfisher/Core (5.14.0)
  - PMSuperButton (3.0.2)
  - SkeletonView (1.8.7)
  - SwiftGifOrigin (1.7.0)
  - SwiftyJSON (4.3.0)

DEPENDENCIES:
  - Alamofire (~> 5.0.0-rc.3)
  - Kingfisher
  - PMSuperButton
  - SkeletonView
  - SwiftGifOrigin (~> 1.7.0)
  - SwiftyJSON (~> 4.0)

SPEC REPOS:
  trunk:
    - Alamofire
    - Kingfisher
    - PMSuperButton
    - SkeletonView
    - SwiftGifOrigin
    - SwiftyJSON

SPEC CHECKSUMS:
  Alamofire: df2f8f826963b08b9a870791ad48e07a10090b2e
  Kingfisher: 7b64389a43139c903ec434788344c288217c792d
  PMSuperButton: 72105fef415890c8792a9e5a784f75c461066f8b
  SkeletonView: ba5370f41280b2f0a76918bb143c1294232bb4f4
  SwiftGifOrigin: fbd6cf37afcfcf97a5c3db996ddc0492e5c5c145
  SwiftyJSON: 6faa0040f8b59dead0ee07436cbf76b73c08fd08

PODFILE CHECKSUM: 249840733b62c17f9668b2ede5602308ebbe4402

COCOAPODS: 1.8.4
